// !$*UTF8*$!
{
	archiveVersion = 1;
	classes = {
	};
	objectVersion = 56;
	objects = {

/* Begin PBXBuildFile section */
		0945592B29A2A86F005EE5AA /* UserProductsRequest.swift in Sources */ = {isa = PBXBuildFile; fileRef = 0945592A29A2A86F005EE5AA /* UserProductsRequest.swift */; };
		0945592D29A2CFA5005EE5AA /* Inventory.swift in Sources */ = {isa = PBXBuildFile; fileRef = 0945592C29A2CFA5005EE5AA /* Inventory.swift */; };
		0945592F29A2D030005EE5AA /* CreatInventoryData.swift in Sources */ = {isa = PBXBuildFile; fileRef = 0945592E29A2D030005EE5AA /* CreatInventoryData.swift */; };
		0945593129A2D123005EE5AA /* InventoryRequest.swift in Sources */ = {isa = PBXBuildFile; fileRef = 0945593029A2D123005EE5AA /* InventoryRequest.swift */; };
		0945593329A2D1CF005EE5AA /* UserInvetoryRequest.swift in Sources */ = {isa = PBXBuildFile; fileRef = 0945593229A2D1CF005EE5AA /* UserInvetoryRequest.swift */; };
		0945593529A2D473005EE5AA /* UpdateInventoryView.swift in Sources */ = {isa = PBXBuildFile; fileRef = 0945593429A2D473005EE5AA /* UpdateInventoryView.swift */; };
		0945593729A2D6C1005EE5AA /* CreateInventoryView.swift in Sources */ = {isa = PBXBuildFile; fileRef = 0945593629A2D6C1005EE5AA /* CreateInventoryView.swift */; };
		0945593929A2DCAF005EE5AA /* InventoryModalType.swift in Sources */ = {isa = PBXBuildFile; fileRef = 0945593829A2DCAF005EE5AA /* InventoryModalType.swift */; };
		0945593F29A2F0B7005EE5AA /* InventoryEditView.swift in Sources */ = {isa = PBXBuildFile; fileRef = 0945593E29A2F0B7005EE5AA /* InventoryEditView.swift */; };
		0945594129A2F0D2005EE5AA /* InventoryForProductsView.swift in Sources */ = {isa = PBXBuildFile; fileRef = 0945594029A2F0D2005EE5AA /* InventoryForProductsView.swift */; };
		094F7955299F088000319D1C /* HassadApp.swift in Sources */ = {isa = PBXBuildFile; fileRef = 094F7954299F088000319D1C /* HassadApp.swift */; };
		094F7959299F088300319D1C /* Assets.xcassets in Resources */ = {isa = PBXBuildFile; fileRef = 094F7958299F088300319D1C /* Assets.xcassets */; };
		094F795C299F088300319D1C /* Preview Assets.xcassets in Resources */ = {isa = PBXBuildFile; fileRef = 094F795B299F088300319D1C /* Preview Assets.xcassets */; };
		094F7966299F08EC00319D1C /* User.swift in Sources */ = {isa = PBXBuildFile; fileRef = 094F7965299F08EC00319D1C /* User.swift */; };
		094F7968299F08F700319D1C /* Token.swift in Sources */ = {isa = PBXBuildFile; fileRef = 094F7967299F08F700319D1C /* Token.swift */; };
		094F796B299F092200319D1C /* LoginView.swift in Sources */ = {isa = PBXBuildFile; fileRef = 094F796A299F092200319D1C /* LoginView.swift */; };
		094F796D299F094500319D1C /* SignUpView.swift in Sources */ = {isa = PBXBuildFile; fileRef = 094F796C299F094500319D1C /* SignUpView.swift */; };
		094F796F299F09A700319D1C /* CreateUserData.swift in Sources */ = {isa = PBXBuildFile; fileRef = 094F796E299F09A700319D1C /* CreateUserData.swift */; };
		094F7971299F0A1100319D1C /* Auth.swift in Sources */ = {isa = PBXBuildFile; fileRef = 094F7970299F0A1100319D1C /* Auth.swift */; };
		094F7973299F0A3600319D1C /* Auth+Keychain.swift in Sources */ = {isa = PBXBuildFile; fileRef = 094F7972299F0A3600319D1C /* Auth+Keychain.swift */; };
		094F7975299F0A5600319D1C /* ResourceRequestError.swift in Sources */ = {isa = PBXBuildFile; fileRef = 094F7974299F0A5600319D1C /* ResourceRequestError.swift */; };
		094F7977299F0A6C00319D1C /* ResourceRequest.swift in Sources */ = {isa = PBXBuildFile; fileRef = 094F7976299F0A6C00319D1C /* ResourceRequest.swift */; };
		094F7979299F117D00319D1C /* HassadView.swift in Sources */ = {isa = PBXBuildFile; fileRef = 094F7978299F117D00319D1C /* HassadView.swift */; };
		094F797B299F119800319D1C /* InventoryView.swift in Sources */ = {isa = PBXBuildFile; fileRef = 094F797A299F119800319D1C /* InventoryView.swift */; };
		094F797D299F11B600319D1C /* ProductView.swift in Sources */ = {isa = PBXBuildFile; fileRef = 094F797C299F11B600319D1C /* ProductView.swift */; };
		094F797F299F11DA00319D1C /* OrdersView.swift in Sources */ = {isa = PBXBuildFile; fileRef = 094F797E299F11DA00319D1C /* OrdersView.swift */; };
		0962E2FA29A0350C008C99E4 /* Product.swift in Sources */ = {isa = PBXBuildFile; fileRef = 0962E2F929A0350C008C99E4 /* Product.swift */; };
		0962E2FC29A035F3008C99E4 /* ProductRequest.swift in Sources */ = {isa = PBXBuildFile; fileRef = 0962E2FB29A035F3008C99E4 /* ProductRequest.swift */; };
		0962E2FE29A03622008C99E4 /* CreateProductData.swift in Sources */ = {isa = PBXBuildFile; fileRef = 0962E2FD29A03622008C99E4 /* CreateProductData.swift */; };
		0962E30029A0389C008C99E4 /* CreateProductView.swift in Sources */ = {isa = PBXBuildFile; fileRef = 0962E2FF29A0389C008C99E4 /* CreateProductView.swift */; };
		0962E30229A03D20008C99E4 /* ResponsiveNavigationStyle.swift in Sources */ = {isa = PBXBuildFile; fileRef = 0962E30129A03D20008C99E4 /* ResponsiveNavigationStyle.swift */; };
		0962E30429A07C6B008C99E4 /* UpdateProductView.swift in Sources */ = {isa = PBXBuildFile; fileRef = 0962E30329A07C6B008C99E4 /* UpdateProductView.swift */; };
		0962E30629A086B0008C99E4 /* ModalType.swift in Sources */ = {isa = PBXBuildFile; fileRef = 0962E30529A086B0008C99E4 /* ModalType.swift */; };
		09D8DEF629A3B7DE00EE38D8 /* UpdateOrdersView.swift in Sources */ = {isa = PBXBuildFile; fileRef = 09D8DEF529A3B7DE00EE38D8 /* UpdateOrdersView.swift */; };
/* End PBXBuildFile section */

/* Begin PBXFileReference section */
		0945592A29A2A86F005EE5AA /* UserProductsRequest.swift */ = {isa = PBXFileReference; lastKnownFileType = sourcecode.swift; path = UserProductsRequest.swift; sourceTree = "<group>"; };
		0945592C29A2CFA5005EE5AA /* Inventory.swift */ = {isa = PBXFileReference; lastKnownFileType = sourcecode.swift; path = Inventory.swift; sourceTree = "<group>"; };
		0945592E29A2D030005EE5AA /* CreatInventoryData.swift */ = {isa = PBXFileReference; lastKnownFileType = sourcecode.swift; path = CreatInventoryData.swift; sourceTree = "<group>"; };
		0945593029A2D123005EE5AA /* InventoryRequest.swift */ = {isa = PBXFileReference; lastKnownFileType = sourcecode.swift; path = InventoryRequest.swift; sourceTree = "<group>"; };
		0945593229A2D1CF005EE5AA /* UserInvetoryRequest.swift */ = {isa = PBXFileReference; lastKnownFileType = sourcecode.swift; path = UserInvetoryRequest.swift; sourceTree = "<group>"; };
		0945593429A2D473005EE5AA /* UpdateInventoryView.swift */ = {isa = PBXFileReference; lastKnownFileType = sourcecode.swift; path = UpdateInventoryView.swift; sourceTree = "<group>"; };
		0945593629A2D6C1005EE5AA /* CreateInventoryView.swift */ = {isa = PBXFileReference; lastKnownFileType = sourcecode.swift; path = CreateInventoryView.swift; sourceTree = "<group>"; };
		0945593829A2DCAF005EE5AA /* InventoryModalType.swift */ = {isa = PBXFileReference; lastKnownFileType = sourcecode.swift; path = InventoryModalType.swift; sourceTree = "<group>"; };
		0945593E29A2F0B7005EE5AA /* InventoryEditView.swift */ = {isa = PBXFileReference; lastKnownFileType = sourcecode.swift; path = InventoryEditView.swift; sourceTree = "<group>"; };
		0945594029A2F0D2005EE5AA /* InventoryForProductsView.swift */ = {isa = PBXFileReference; lastKnownFileType = sourcecode.swift; path = InventoryForProductsView.swift; sourceTree = "<group>"; };
		094F7951299F088000319D1C /* Hassad.app */ = {isa = PBXFileReference; explicitFileType = wrapper.application; includeInIndex = 0; path = Hassad.app; sourceTree = BUILT_PRODUCTS_DIR; };
		094F7954299F088000319D1C /* HassadApp.swift */ = {isa = PBXFileReference; lastKnownFileType = sourcecode.swift; path = HassadApp.swift; sourceTree = "<group>"; };
		094F7958299F088300319D1C /* Assets.xcassets */ = {isa = PBXFileReference; lastKnownFileType = folder.assetcatalog; path = Assets.xcassets; sourceTree = "<group>"; };
		094F795B299F088300319D1C /* Preview Assets.xcassets */ = {isa = PBXFileReference; lastKnownFileType = folder.assetcatalog; path = "Preview Assets.xcassets"; sourceTree = "<group>"; };
		094F7965299F08EC00319D1C /* User.swift */ = {isa = PBXFileReference; lastKnownFileType = sourcecode.swift; path = User.swift; sourceTree = "<group>"; };
		094F7967299F08F700319D1C /* Token.swift */ = {isa = PBXFileReference; lastKnownFileType = sourcecode.swift; path = Token.swift; sourceTree = "<group>"; };
		094F796A299F092200319D1C /* LoginView.swift */ = {isa = PBXFileReference; lastKnownFileType = sourcecode.swift; path = LoginView.swift; sourceTree = "<group>"; };
		094F796C299F094500319D1C /* SignUpView.swift */ = {isa = PBXFileReference; lastKnownFileType = sourcecode.swift; path = SignUpView.swift; sourceTree = "<group>"; };
		094F796E299F09A700319D1C /* CreateUserData.swift */ = {isa = PBXFileReference; lastKnownFileType = sourcecode.swift; path = CreateUserData.swift; sourceTree = "<group>"; };
		094F7970299F0A1100319D1C /* Auth.swift */ = {isa = PBXFileReference; lastKnownFileType = sourcecode.swift; path = Auth.swift; sourceTree = "<group>"; };
		094F7972299F0A3600319D1C /* Auth+Keychain.swift */ = {isa = PBXFileReference; lastKnownFileType = sourcecode.swift; path = "Auth+Keychain.swift"; sourceTree = "<group>"; };
		094F7974299F0A5600319D1C /* ResourceRequestError.swift */ = {isa = PBXFileReference; lastKnownFileType = sourcecode.swift; path = ResourceRequestError.swift; sourceTree = "<group>"; };
		094F7976299F0A6C00319D1C /* ResourceRequest.swift */ = {isa = PBXFileReference; lastKnownFileType = sourcecode.swift; path = ResourceRequest.swift; sourceTree = "<group>"; };
		094F7978299F117D00319D1C /* HassadView.swift */ = {isa = PBXFileReference; lastKnownFileType = sourcecode.swift; path = HassadView.swift; sourceTree = "<group>"; };
		094F797A299F119800319D1C /* InventoryView.swift */ = {isa = PBXFileReference; lastKnownFileType = sourcecode.swift; path = InventoryView.swift; sourceTree = "<group>"; };
		094F797C299F11B600319D1C /* ProductView.swift */ = {isa = PBXFileReference; lastKnownFileType = sourcecode.swift; path = ProductView.swift; sourceTree = "<group>"; };
		094F797E299F11DA00319D1C /* OrdersView.swift */ = {isa = PBXFileReference; lastKnownFileType = sourcecode.swift; path = OrdersView.swift; sourceTree = "<group>"; };
		0962E2F929A0350C008C99E4 /* Product.swift */ = {isa = PBXFileReference; lastKnownFileType = sourcecode.swift; path = Product.swift; sourceTree = "<group>"; };
		0962E2FB29A035F3008C99E4 /* ProductRequest.swift */ = {isa = PBXFileReference; lastKnownFileType = sourcecode.swift; path = ProductRequest.swift; sourceTree = "<group>"; };
		0962E2FD29A03622008C99E4 /* CreateProductData.swift */ = {isa = PBXFileReference; lastKnownFileType = sourcecode.swift; path = CreateProductData.swift; sourceTree = "<group>"; };
		0962E2FF29A0389C008C99E4 /* CreateProductView.swift */ = {isa = PBXFileReference; lastKnownFileType = sourcecode.swift; path = CreateProductView.swift; sourceTree = "<group>"; };
		0962E30129A03D20008C99E4 /* ResponsiveNavigationStyle.swift */ = {isa = PBXFileReference; lastKnownFileType = sourcecode.swift; path = ResponsiveNavigationStyle.swift; sourceTree = "<group>"; };
		0962E30329A07C6B008C99E4 /* UpdateProductView.swift */ = {isa = PBXFileReference; lastKnownFileType = sourcecode.swift; path = UpdateProductView.swift; sourceTree = "<group>"; };
		0962E30529A086B0008C99E4 /* ModalType.swift */ = {isa = PBXFileReference; lastKnownFileType = sourcecode.swift; path = ModalType.swift; sourceTree = "<group>"; };
		09D8DEF529A3B7DE00EE38D8 /* UpdateOrdersView.swift */ = {isa = PBXFileReference; lastKnownFileType = sourcecode.swift; path = UpdateOrdersView.swift; sourceTree = "<group>"; };
/* End PBXFileReference section */

/* Begin PBXFrameworksBuildPhase section */
		094F794E299F088000319D1C /* Frameworks */ = {
			isa = PBXFrameworksBuildPhase;
			buildActionMask = 2147483647;
			files = (
			);
			runOnlyForDeploymentPostprocessing = 0;
		};
/* End PBXFrameworksBuildPhase section */

/* Begin PBXGroup section */
		0945593A29A2F032005EE5AA /* Inventory */ = {
			isa = PBXGroup;
			children = (
				094F797A299F119800319D1C /* InventoryView.swift */,
				0945593629A2D6C1005EE5AA /* CreateInventoryView.swift */,
				0945593429A2D473005EE5AA /* UpdateInventoryView.swift */,
				0945593E29A2F0B7005EE5AA /* InventoryEditView.swift */,
				0945594029A2F0D2005EE5AA /* InventoryForProductsView.swift */,
			);
			path = Inventory;
			sourceTree = "<group>";
		};
		0945593B29A2F039005EE5AA /* Product */ = {
			isa = PBXGroup;
			children = (
				094F797C299F11B600319D1C /* ProductView.swift */,
				0962E2FF29A0389C008C99E4 /* CreateProductView.swift */,
				0962E30329A07C6B008C99E4 /* UpdateProductView.swift */,
			);
			path = Product;
			sourceTree = "<group>";
		};
		094F7948299F088000319D1C = {
			isa = PBXGroup;
			children = (
				094F7953299F088000319D1C /* Hassad */,
				094F7952299F088000319D1C /* Products */,
			);
			sourceTree = "<group>";
		};
		094F7952299F088000319D1C /* Products */ = {
			isa = PBXGroup;
			children = (
				094F7951299F088000319D1C /* Hassad.app */,
			);
			name = Products;
			sourceTree = "<group>";
		};
		094F7953299F088000319D1C /* Hassad */ = {
			isa = PBXGroup;
			children = (
				094F7964299F08AB00319D1C /* Utilities */,
				094F7969299F090500319D1C /* Views */,
				094F7962299F089800319D1C /* Models */,
				094F7954299F088000319D1C /* HassadApp.swift */,
				094F7958299F088300319D1C /* Assets.xcassets */,
				094F795A299F088300319D1C /* Preview Content */,
			);
			path = Hassad;
			sourceTree = "<group>";
		};
		094F795A299F088300319D1C /* Preview Content */ = {
			isa = PBXGroup;
			children = (
				094F795B299F088300319D1C /* Preview Assets.xcassets */,
			);
			path = "Preview Content";
			sourceTree = "<group>";
		};
		094F7962299F089800319D1C /* Models */ = {
			isa = PBXGroup;
			children = (
				094F7965299F08EC00319D1C /* User.swift */,
				094F7967299F08F700319D1C /* Token.swift */,
				094F796E299F09A700319D1C /* CreateUserData.swift */,
				0962E2F929A0350C008C99E4 /* Product.swift */,
				0962E2FD29A03622008C99E4 /* CreateProductData.swift */,
				0945592C29A2CFA5005EE5AA /* Inventory.swift */,
				0945592E29A2D030005EE5AA /* CreatInventoryData.swift */,
			);
			path = Models;
			sourceTree = "<group>";
		};
		094F7964299F08AB00319D1C /* Utilities */ = {
			isa = PBXGroup;
			children = (
				094F7970299F0A1100319D1C /* Auth.swift */,
				094F7972299F0A3600319D1C /* Auth+Keychain.swift */,
				094F7974299F0A5600319D1C /* ResourceRequestError.swift */,
				094F7976299F0A6C00319D1C /* ResourceRequest.swift */,
				0962E2FB29A035F3008C99E4 /* ProductRequest.swift */,
				0962E30529A086B0008C99E4 /* ModalType.swift */,
				0945592A29A2A86F005EE5AA /* UserProductsRequest.swift */,
				0945593029A2D123005EE5AA /* InventoryRequest.swift */,
				0945593229A2D1CF005EE5AA /* UserInvetoryRequest.swift */,
				0945593829A2DCAF005EE5AA /* InventoryModalType.swift */,
			);
			path = Utilities;
			sourceTree = "<group>";
		};
		094F7969299F090500319D1C /* Views */ = {
			isa = PBXGroup;
			children = (
				09D8DEF429A3B7B200EE38D8 /* Orders */,
				0945593B29A2F039005EE5AA /* Product */,
				0945593A29A2F032005EE5AA /* Inventory */,
				094F796A299F092200319D1C /* LoginView.swift */,
				094F796C299F094500319D1C /* SignUpView.swift */,
				094F7978299F117D00319D1C /* HassadView.swift */,
				0962E30129A03D20008C99E4 /* ResponsiveNavigationStyle.swift */,
			);
			path = Views;
			sourceTree = "<group>";
		};
		09D8DEF429A3B7B200EE38D8 /* Orders */ = {
			isa = PBXGroup;
			children = (
				094F797E299F11DA00319D1C /* OrdersView.swift */,
				09D8DEF529A3B7DE00EE38D8 /* UpdateOrdersView.swift */,
			);
			path = Orders;
			sourceTree = "<group>";
		};
/* End PBXGroup section */

/* Begin PBXNativeTarget section */
		094F7950299F088000319D1C /* Hassad */ = {
			isa = PBXNativeTarget;
			buildConfigurationList = 094F795F299F088300319D1C /* Build configuration list for PBXNativeTarget "Hassad" */;
			buildPhases = (
				094F794D299F088000319D1C /* Sources */,
				094F794E299F088000319D1C /* Frameworks */,
				094F794F299F088000319D1C /* Resources */,
			);
			buildRules = (
			);
			dependencies = (
			);
			name = Hassad;
			productName = Hassad;
			productReference = 094F7951299F088000319D1C /* Hassad.app */;
			productType = "com.apple.product-type.application";
		};
/* End PBXNativeTarget section */

/* Begin PBXProject section */
		094F7949299F088000319D1C /* Project object */ = {
			isa = PBXProject;
			attributes = {
				BuildIndependentTargetsInParallel = 1;
				LastSwiftUpdateCheck = 1420;
				LastUpgradeCheck = 1420;
				TargetAttributes = {
					094F7950299F088000319D1C = {
						CreatedOnToolsVersion = 14.2;
					};
				};
			};
			buildConfigurationList = 094F794C299F088000319D1C /* Build configuration list for PBXProject "Hassad" */;
			compatibilityVersion = "Xcode 14.0";
			developmentRegion = en;
			hasScannedForEncodings = 0;
			knownRegions = (
				en,
				Base,
			);
			mainGroup = 094F7948299F088000319D1C;
			productRefGroup = 094F7952299F088000319D1C /* Products */;
			projectDirPath = "";
			projectRoot = "";
			targets = (
				094F7950299F088000319D1C /* Hassad */,
			);
		};
/* End PBXProject section */

/* Begin PBXResourcesBuildPhase section */
		094F794F299F088000319D1C /* Resources */ = {
			isa = PBXResourcesBuildPhase;
			buildActionMask = 2147483647;
			files = (
				094F795C299F088300319D1C /* Preview Assets.xcassets in Resources */,
				094F7959299F088300319D1C /* Assets.xcassets in Resources */,
			);
			runOnlyForDeploymentPostprocessing = 0;
		};
/* End PBXResourcesBuildPhase section */

/* Begin PBXSourcesBuildPhase section */
		094F794D299F088000319D1C /* Sources */ = {
			isa = PBXSourcesBuildPhase;
			buildActionMask = 2147483647;
			files = (
				0945593329A2D1CF005EE5AA /* UserInvetoryRequest.swift in Sources */,
				0945593F29A2F0B7005EE5AA /* InventoryEditView.swift in Sources */,
				0945592D29A2CFA5005EE5AA /* Inventory.swift in Sources */,
				0962E30229A03D20008C99E4 /* ResponsiveNavigationStyle.swift in Sources */,
				094F796F299F09A700319D1C /* CreateUserData.swift in Sources */,
				094F7977299F0A6C00319D1C /* ResourceRequest.swift in Sources */,
				0962E2FA29A0350C008C99E4 /* Product.swift in Sources */,
				0945593129A2D123005EE5AA /* InventoryRequest.swift in Sources */,
				0962E30629A086B0008C99E4 /* ModalType.swift in Sources */,
				094F797B299F119800319D1C /* InventoryView.swift in Sources */,
				0945593929A2DCAF005EE5AA /* InventoryModalType.swift in Sources */,
				0962E30029A0389C008C99E4 /* CreateProductView.swift in Sources */,
				094F7968299F08F700319D1C /* Token.swift in Sources */,
				0945593529A2D473005EE5AA /* UpdateInventoryView.swift in Sources */,
				0945593729A2D6C1005EE5AA /* CreateInventoryView.swift in Sources */,
				094F796D299F094500319D1C /* SignUpView.swift in Sources */,
				094F797D299F11B600319D1C /* ProductView.swift in Sources */,
				094F7966299F08EC00319D1C /* User.swift in Sources */,
				094F7971299F0A1100319D1C /* Auth.swift in Sources */,
				0945592F29A2D030005EE5AA /* CreatInventoryData.swift in Sources */,
				0962E2FC29A035F3008C99E4 /* ProductRequest.swift in Sources */,
				0945592B29A2A86F005EE5AA /* UserProductsRequest.swift in Sources */,
				094F7979299F117D00319D1C /* HassadView.swift in Sources */,
				094F796B299F092200319D1C /* LoginView.swift in Sources */,
				094F797F299F11DA00319D1C /* OrdersView.swift in Sources */,
				094F7955299F088000319D1C /* HassadApp.swift in Sources */,
				094F7975299F0A5600319D1C /* ResourceRequestError.swift in Sources */,
				0962E30429A07C6B008C99E4 /* UpdateProductView.swift in Sources */,
				0945594129A2F0D2005EE5AA /* InventoryForProductsView.swift in Sources */,
				094F7973299F0A3600319D1C /* Auth+Keychain.swift in Sources */,
				09D8DEF629A3B7DE00EE38D8 /* UpdateOrdersView.swift in Sources */,
				0962E2FE29A03622008C99E4 /* CreateProductData.swift in Sources */,
			);
			runOnlyForDeploymentPostprocessing = 0;
		};
/* End PBXSourcesBuildPhase section */

/* Begin XCBuildConfiguration section */
		094F795D299F088300319D1C /* Debug */ = {
			isa = XCBuildConfiguration;
			buildSettings = {
				ALWAYS_SEARCH_USER_PATHS = NO;
				CLANG_ANALYZER_NONNULL = YES;
				CLANG_ANALYZER_NUMBER_OBJECT_CONVERSION = YES_AGGRESSIVE;
				CLANG_CXX_LANGUAGE_STANDARD = "gnu++20";
				CLANG_ENABLE_MODULES = YES;
				CLANG_ENABLE_OBJC_ARC = YES;
				CLANG_ENABLE_OBJC_WEAK = YES;
				CLANG_WARN_BLOCK_CAPTURE_AUTORELEASING = YES;
				CLANG_WARN_BOOL_CONVERSION = YES;
				CLANG_WARN_COMMA = YES;
				CLANG_WARN_CONSTANT_CONVERSION = YES;
				CLANG_WARN_DEPRECATED_OBJC_IMPLEMENTATIONS = YES;
				CLANG_WARN_DIRECT_OBJC_ISA_USAGE = YES_ERROR;
				CLANG_WARN_DOCUMENTATION_COMMENTS = YES;
				CLANG_WARN_EMPTY_BODY = YES;
				CLANG_WARN_ENUM_CONVERSION = YES;
				CLANG_WARN_INFINITE_RECURSION = YES;
				CLANG_WARN_INT_CONVERSION = YES;
				CLANG_WARN_NON_LITERAL_NULL_CONVERSION = YES;
				CLANG_WARN_OBJC_IMPLICIT_RETAIN_SELF = YES;
				CLANG_WARN_OBJC_LITERAL_CONVERSION = YES;
				CLANG_WARN_OBJC_ROOT_CLASS = YES_ERROR;
				CLANG_WARN_QUOTED_INCLUDE_IN_FRAMEWORK_HEADER = YES;
				CLANG_WARN_RANGE_LOOP_ANALYSIS = YES;
				CLANG_WARN_STRICT_PROTOTYPES = YES;
				CLANG_WARN_SUSPICIOUS_MOVE = YES;
				CLANG_WARN_UNGUARDED_AVAILABILITY = YES_AGGRESSIVE;
				CLANG_WARN_UNREACHABLE_CODE = YES;
				CLANG_WARN__DUPLICATE_METHOD_MATCH = YES;
				COPY_PHASE_STRIP = NO;
				DEBUG_INFORMATION_FORMAT = dwarf;
				ENABLE_STRICT_OBJC_MSGSEND = YES;
				ENABLE_TESTABILITY = YES;
				GCC_C_LANGUAGE_STANDARD = gnu11;
				GCC_DYNAMIC_NO_PIC = NO;
				GCC_NO_COMMON_BLOCKS = YES;
				GCC_OPTIMIZATION_LEVEL = 0;
				GCC_PREPROCESSOR_DEFINITIONS = (
					"DEBUG=1",
					"$(inherited)",
				);
				GCC_WARN_64_TO_32_BIT_CONVERSION = YES;
				GCC_WARN_ABOUT_RETURN_TYPE = YES_ERROR;
				GCC_WARN_UNDECLARED_SELECTOR = YES;
				GCC_WARN_UNINITIALIZED_AUTOS = YES_AGGRESSIVE;
				GCC_WARN_UNUSED_FUNCTION = YES;
				GCC_WARN_UNUSED_VARIABLE = YES;
				IPHONEOS_DEPLOYMENT_TARGET = 16.2;
				MTL_ENABLE_DEBUG_INFO = INCLUDE_SOURCE;
				MTL_FAST_MATH = YES;
				ONLY_ACTIVE_ARCH = YES;
				SDKROOT = iphoneos;
				SWIFT_ACTIVE_COMPILATION_CONDITIONS = DEBUG;
				SWIFT_OPTIMIZATION_LEVEL = "-Onone";
			};
			name = Debug;
		};
		094F795E299F088300319D1C /* Release */ = {
			isa = XCBuildConfiguration;
			buildSettings = {
				ALWAYS_SEARCH_USER_PATHS = NO;
				CLANG_ANALYZER_NONNULL = YES;
				CLANG_ANALYZER_NUMBER_OBJECT_CONVERSION = YES_AGGRESSIVE;
				CLANG_CXX_LANGUAGE_STANDARD = "gnu++20";
				CLANG_ENABLE_MODULES = YES;
				CLANG_ENABLE_OBJC_ARC = YES;
				CLANG_ENABLE_OBJC_WEAK = YES;
				CLANG_WARN_BLOCK_CAPTURE_AUTORELEASING = YES;
				CLANG_WARN_BOOL_CONVERSION = YES;
				CLANG_WARN_COMMA = YES;
				CLANG_WARN_CONSTANT_CONVERSION = YES;
				CLANG_WARN_DEPRECATED_OBJC_IMPLEMENTATIONS = YES;
				CLANG_WARN_DIRECT_OBJC_ISA_USAGE = YES_ERROR;
				CLANG_WARN_DOCUMENTATION_COMMENTS = YES;
				CLANG_WARN_EMPTY_BODY = YES;
				CLANG_WARN_ENUM_CONVERSION = YES;
				CLANG_WARN_INFINITE_RECURSION = YES;
				CLANG_WARN_INT_CONVERSION = YES;
				CLANG_WARN_NON_LITERAL_NULL_CONVERSION = YES;
				CLANG_WARN_OBJC_IMPLICIT_RETAIN_SELF = YES;
				CLANG_WARN_OBJC_LITERAL_CONVERSION = YES;
				CLANG_WARN_OBJC_ROOT_CLASS = YES_ERROR;
				CLANG_WARN_QUOTED_INCLUDE_IN_FRAMEWORK_HEADER = YES;
				CLANG_WARN_RANGE_LOOP_ANALYSIS = YES;
				CLANG_WARN_STRICT_PROTOTYPES = YES;
				CLANG_WARN_SUSPICIOUS_MOVE = YES;
				CLANG_WARN_UNGUARDED_AVAILABILITY = YES_AGGRESSIVE;
				CLANG_WARN_UNREACHABLE_CODE = YES;
				CLANG_WARN__DUPLICATE_METHOD_MATCH = YES;
				COPY_PHASE_STRIP = NO;
				DEBUG_INFORMATION_FORMAT = "dwarf-with-dsym";
				ENABLE_NS_ASSERTIONS = NO;
				ENABLE_STRICT_OBJC_MSGSEND = YES;
				GCC_C_LANGUAGE_STANDARD = gnu11;
				GCC_NO_COMMON_BLOCKS = YES;
				GCC_WARN_64_TO_32_BIT_CONVERSION = YES;
				GCC_WARN_ABOUT_RETURN_TYPE = YES_ERROR;
				GCC_WARN_UNDECLARED_SELECTOR = YES;
				GCC_WARN_UNINITIALIZED_AUTOS = YES_AGGRESSIVE;
				GCC_WARN_UNUSED_FUNCTION = YES;
				GCC_WARN_UNUSED_VARIABLE = YES;
				IPHONEOS_DEPLOYMENT_TARGET = 16.2;
				MTL_ENABLE_DEBUG_INFO = NO;
				MTL_FAST_MATH = YES;
				SDKROOT = iphoneos;
				SWIFT_COMPILATION_MODE = wholemodule;
				SWIFT_OPTIMIZATION_LEVEL = "-O";
				VALIDATE_PRODUCT = YES;
			};
			name = Release;
		};
		094F7960299F088300319D1C /* Debug */ = {
			isa = XCBuildConfiguration;
			buildSettings = {
				ASSETCATALOG_COMPILER_APPICON_NAME = AppIcon;
				ASSETCATALOG_COMPILER_GLOBAL_ACCENT_COLOR_NAME = AccentColor;
				CODE_SIGN_STYLE = Automatic;
				CURRENT_PROJECT_VERSION = 1;
				DEVELOPMENT_ASSET_PATHS = "\"Hassad/Preview Content\"";
				DEVELOPMENT_TEAM = 2LVJ578ZR5;
				ENABLE_PREVIEWS = YES;
				GENERATE_INFOPLIST_FILE = YES;
				INFOPLIST_KEY_UIApplicationSceneManifest_Generation = YES;
				INFOPLIST_KEY_UIApplicationSupportsIndirectInputEvents = YES;
				INFOPLIST_KEY_UILaunchScreen_Generation = YES;
				INFOPLIST_KEY_UISupportedInterfaceOrientations_iPad = "UIInterfaceOrientationPortrait UIInterfaceOrientationPortraitUpsideDown UIInterfaceOrientationLandscapeLeft UIInterfaceOrientationLandscapeRight";
				INFOPLIST_KEY_UISupportedInterfaceOrientations_iPhone = "UIInterfaceOrientationPortrait UIInterfaceOrientationLandscapeLeft UIInterfaceOrientationLandscapeRight";
				LD_RUNPATH_SEARCH_PATHS = (
					"$(inherited)",
					"@executable_path/Frameworks",
				);
				MARKETING_VERSION = 1.0;
				PRODUCT_BUNDLE_IDENTIFIER = demo.Hassad;
				PRODUCT_NAME = "$(TARGET_NAME)";
				SWIFT_EMIT_LOC_STRINGS = YES;
				SWIFT_VERSION = 5.0;
				TARGETED_DEVICE_FAMILY = "1,2";
			};
			name = Debug;
		};
		094F7961299F088300319D1C /* Release */ = {
			isa = XCBuildConfiguration;
			buildSettings = {
				ASSETCATALOG_COMPILER_APPICON_NAME = AppIcon;
				ASSETCATALOG_COMPILER_GLOBAL_ACCENT_COLOR_NAME = AccentColor;
				CODE_SIGN_STYLE = Automatic;
				CURRENT_PROJECT_VERSION = 1;
				DEVELOPMENT_ASSET_PATHS = "\"Hassad/Preview Content\"";
				DEVELOPMENT_TEAM = 2LVJ578ZR5;
				ENABLE_PREVIEWS = YES;
				GENERATE_INFOPLIST_FILE = YES;
				INFOPLIST_KEY_UIApplicationSceneManifest_Generation = YES;
				INFOPLIST_KEY_UIApplicationSupportsIndirectInputEvents = YES;
				INFOPLIST_KEY_UILaunchScreen_Generation = YES;
				INFOPLIST_KEY_UISupportedInterfaceOrientations_iPad = "UIInterfaceOrientationPortrait UIInterfaceOrientationPortraitUpsideDown UIInterfaceOrientationLandscapeLeft UIInterfaceOrientationLandscapeRight";
				INFOPLIST_KEY_UISupportedInterfaceOrientations_iPhone = "UIInterfaceOrientationPortrait UIInterfaceOrientationLandscapeLeft UIInterfaceOrientationLandscapeRight";
				LD_RUNPATH_SEARCH_PATHS = (
					"$(inherited)",
					"@executable_path/Frameworks",
				);
				MARKETING_VERSION = 1.0;
				PRODUCT_BUNDLE_IDENTIFIER = demo.Hassad;
				PRODUCT_NAME = "$(TARGET_NAME)";
				SWIFT_EMIT_LOC_STRINGS = YES;
				SWIFT_VERSION = 5.0;
				TARGETED_DEVICE_FAMILY = "1,2";
			};
			name = Release;
		};
/* End XCBuildConfiguration section */

/* Begin XCConfigurationList section */
		094F794C299F088000319D1C /* Build configuration list for PBXProject "Hassad" */ = {
			isa = XCConfigurationList;
			buildConfigurations = (
				094F795D299F088300319D1C /* Debug */,
				094F795E299F088300319D1C /* Release */,
			);
			defaultConfigurationIsVisible = 0;
			defaultConfigurationName = Release;
		};
		094F795F299F088300319D1C /* Build configuration list for PBXNativeTarget "Hassad" */ = {
			isa = XCConfigurationList;
			buildConfigurations = (
				094F7960299F088300319D1C /* Debug */,
				094F7961299F088300319D1C /* Release */,
			);
			defaultConfigurationIsVisible = 0;
			defaultConfigurationName = Release;
		};
/* End XCConfigurationList section */
	};
	rootObject = 094F7949299F088000319D1C /* Project object */;
}
